// !$*UTF8*$!
{
	archiveVersion = 1;
	classes = {
	};
	objectVersion = 56;
	objects = {

/* Begin PBXBuildFile section */
		17253EB47114E691435E5F8C /* Pods_App_todo_ios.framework in Frameworks */ = {isa = PBXBuildFile; fileRef = 3CB853CC545B66B6BF034C18 /* Pods_App_todo_ios.framework */; };
		1FF399D9947D244726F02A06 /* Pods_App_todo_iosTests.framework in Frameworks */ = {isa = PBXBuildFile; fileRef = 847059EE2A07337AD4A06BA8 /* Pods_App_todo_iosTests.framework */; };
		AB022FB8F161B7E86A142A35 /* Pods_App_todo_ios_App_todo_iosUITests.framework in Frameworks */ = {isa = PBXBuildFile; fileRef = 636A0F885E7E3EA07CBE2D58 /* Pods_App_todo_ios_App_todo_iosUITests.framework */; };
		FB1F0E942B280D70009FA9DB /* User.swift in Sources */ = {isa = PBXBuildFile; fileRef = FB1F0E932B280D70009FA9DB /* User.swift */; };
		FB1F0E962B281C1F009FA9DB /* SignUpViewModel.swift in Sources */ = {isa = PBXBuildFile; fileRef = FB1F0E952B281C1F009FA9DB /* SignUpViewModel.swift */; };
		FB1F0E982B28390C009FA9DB /* UIViewController+Extensions.swift in Sources */ = {isa = PBXBuildFile; fileRef = FB1F0E972B28390C009FA9DB /* UIViewController+Extensions.swift */; };
		FB1F0E9A2B2842A3009FA9DB /* SignInViewModel.swift in Sources */ = {isa = PBXBuildFile; fileRef = FB1F0E992B2842A3009FA9DB /* SignInViewModel.swift */; };
		FB1F0E9C2B285C50009FA9DB /* Storage.swift in Sources */ = {isa = PBXBuildFile; fileRef = FB1F0E9B2B285C50009FA9DB /* Storage.swift */; };
		FB1F0E9F2B285DCA009FA9DB /* KeychainStorage.swift in Sources */ = {isa = PBXBuildFile; fileRef = FB1F0E9E2B285DCA009FA9DB /* KeychainStorage.swift */; };
		FB1F0EA22B287104009FA9DB /* LocalStorageRepository.swift in Sources */ = {isa = PBXBuildFile; fileRef = FB1F0EA12B287104009FA9DB /* LocalStorageRepository.swift */; };
		FB3A377B2B15D48600C9FD29 /* AppDelegate.swift in Sources */ = {isa = PBXBuildFile; fileRef = FB3A377A2B15D48600C9FD29 /* AppDelegate.swift */; };
		FB3A377F2B15D48600C9FD29 /* SignInViewController.swift in Sources */ = {isa = PBXBuildFile; fileRef = FB3A377E2B15D48600C9FD29 /* SignInViewController.swift */; };
		FB3A37822B15D48600C9FD29 /* SignIn.storyboard in Resources */ = {isa = PBXBuildFile; fileRef = FB3A37802B15D48600C9FD29 /* SignIn.storyboard */; };
		FB3A37842B15D48800C9FD29 /* Assets.xcassets in Resources */ = {isa = PBXBuildFile; fileRef = FB3A37832B15D48800C9FD29 /* Assets.xcassets */; };
		FB3A37872B15D48800C9FD29 /* LaunchScreen.storyboard in Resources */ = {isa = PBXBuildFile; fileRef = FB3A37852B15D48800C9FD29 /* LaunchScreen.storyboard */; };
		FB3A37922B15D48800C9FD29 /* App_todo_iosTests.swift in Sources */ = {isa = PBXBuildFile; fileRef = FB3A37912B15D48800C9FD29 /* App_todo_iosTests.swift */; };
		FB3A379C2B15D48900C9FD29 /* App_todo_iosUITests.swift in Sources */ = {isa = PBXBuildFile; fileRef = FB3A379B2B15D48900C9FD29 /* App_todo_iosUITests.swift */; };
		FB3A379E2B15D48900C9FD29 /* App_todo_iosUITestsLaunchTests.swift in Sources */ = {isa = PBXBuildFile; fileRef = FB3A379D2B15D48900C9FD29 /* App_todo_iosUITestsLaunchTests.swift */; };
		FB3A37B52B1834CD00C9FD29 /* BaseViewController.swift in Sources */ = {isa = PBXBuildFile; fileRef = FB3A37B42B1834CD00C9FD29 /* BaseViewController.swift */; };
		FB3A37B82B183E3200C9FD29 /* CustomPrimaryButtton.swift in Sources */ = {isa = PBXBuildFile; fileRef = FB3A37B72B183E3200C9FD29 /* CustomPrimaryButtton.swift */; };
		FB3A37BA2B1841B100C9FD29 /* CustomPrimaryTextField.swift in Sources */ = {isa = PBXBuildFile; fileRef = FB3A37B92B1841B100C9FD29 /* CustomPrimaryTextField.swift */; };
		FB3A37BD2B18713900C9FD29 /* SignUp.storyboard in Resources */ = {isa = PBXBuildFile; fileRef = FB3A37BC2B18713900C9FD29 /* SignUp.storyboard */; };
		FB3A37BF2B18765A00C9FD29 /* SignUpViewController.swift in Sources */ = {isa = PBXBuildFile; fileRef = FB3A37BE2B18765A00C9FD29 /* SignUpViewController.swift */; };
		FB3A37C22B19850000C9FD29 /* Home.storyboard in Resources */ = {isa = PBXBuildFile; fileRef = FB3A37C12B19850000C9FD29 /* Home.storyboard */; };
		FB3A37C42B19851D00C9FD29 /* HomeViewController.swift in Sources */ = {isa = PBXBuildFile; fileRef = FB3A37C32B19851D00C9FD29 /* HomeViewController.swift */; };
		FB3A37C72B198E3D00C9FD29 /* UIApplication+Extension.swift in Sources */ = {isa = PBXBuildFile; fileRef = FB3A37C62B198E3D00C9FD29 /* UIApplication+Extension.swift */; };
		FB4ABF772B22BB8D0097D848 /* TodoManager.swift in Sources */ = {isa = PBXBuildFile; fileRef = FB4ABF762B22BB8D0097D848 /* TodoManager.swift */; };
		FB4ABF7D2B22F3400097D848 /* TodoEntities.xcdatamodeld in Sources */ = {isa = PBXBuildFile; fileRef = FB4ABF7B2B22F3400097D848 /* TodoEntities.xcdatamodeld */; };
		FBA72C752B1DAC68002C7A14 /* AddTodo.storyboard in Resources */ = {isa = PBXBuildFile; fileRef = FBA72C742B1DAC68002C7A14 /* AddTodo.storyboard */; };
		FBA72C772B1DAC9F002C7A14 /* AddTodoViewController.swift in Sources */ = {isa = PBXBuildFile; fileRef = FBA72C762B1DAC9F002C7A14 /* AddTodoViewController.swift */; };
		FBA72C7B2B1DB868002C7A14 /* Todo.swift in Sources */ = {isa = PBXBuildFile; fileRef = FBA72C7A2B1DB868002C7A14 /* Todo.swift */; };
		FBA72C7E2B1DC7CC002C7A14 /* AppInjector.swift in Sources */ = {isa = PBXBuildFile; fileRef = FBA72C7D2B1DC7CC002C7A14 /* AppInjector.swift */; };
		FBA72C802B1DC854002C7A14 /* AddTodoViewModel.swift in Sources */ = {isa = PBXBuildFile; fileRef = FBA72C7F2B1DC854002C7A14 /* AddTodoViewModel.swift */; };
		FBA72C822B1DD13B002C7A14 /* Time+Extension.swift in Sources */ = {isa = PBXBuildFile; fileRef = FBA72C812B1DD13B002C7A14 /* Time+Extension.swift */; };
		FBA72C842B1DD216002C7A14 /* HomeViewModel.swift in Sources */ = {isa = PBXBuildFile; fileRef = FBA72C832B1DD216002C7A14 /* HomeViewModel.swift */; };
		FBA72C882B1ED1A0002C7A14 /* TaskTodoCellCollectionViewCell.swift in Sources */ = {isa = PBXBuildFile; fileRef = FBA72C862B1ED1A0002C7A14 /* TaskTodoCellCollectionViewCell.swift */; };
		FBA72C892B1ED1A0002C7A14 /* TaskTodoCellCollectionViewCell.xib in Resources */ = {isa = PBXBuildFile; fileRef = FBA72C872B1ED1A0002C7A14 /* TaskTodoCellCollectionViewCell.xib */; };
		FBAA45932B2AB93E00C7D4D2 /* Setting.storyboard in Resources */ = {isa = PBXBuildFile; fileRef = FBAA45922B2AB93E00C7D4D2 /* Setting.storyboard */; };
		FBAA45952B2AB96700C7D4D2 /* SettingViewController.swift in Sources */ = {isa = PBXBuildFile; fileRef = FBAA45942B2AB96700C7D4D2 /* SettingViewController.swift */; };
		FBAA45972B2AB98500C7D4D2 /* SettingViewModel.swift in Sources */ = {isa = PBXBuildFile; fileRef = FBAA45962B2AB98500C7D4D2 /* SettingViewModel.swift */; };
		FBAA45992B2B018400C7D4D2 /* CustomRedButton.swift in Sources */ = {isa = PBXBuildFile; fileRef = FBAA45982B2B018400C7D4D2 /* CustomRedButton.swift */; };
		FBAF0ADD2B205B030076466C /* EditTodo.storyboard in Resources */ = {isa = PBXBuildFile; fileRef = FBAF0ADC2B205B030076466C /* EditTodo.storyboard */; };
		FBAF0ADF2B205B180076466C /* EditTodoViewController.swift in Sources */ = {isa = PBXBuildFile; fileRef = FBAF0ADE2B205B180076466C /* EditTodoViewController.swift */; };
		FBAF0AE12B20695A0076466C /* EditTodoViewModel.swift in Sources */ = {isa = PBXBuildFile; fileRef = FBAF0AE02B20695A0076466C /* EditTodoViewModel.swift */; };
		FBAF0AE32B216CB80076466C /* String+Extensions.swift in Sources */ = {isa = PBXBuildFile; fileRef = FBAF0AE22B216CB80076466C /* String+Extensions.swift */; };
/* End PBXBuildFile section */

/* Begin PBXContainerItemProxy section */
		FB3A378E2B15D48800C9FD29 /* PBXContainerItemProxy */ = {
			isa = PBXContainerItemProxy;
			containerPortal = FB3A376F2B15D48600C9FD29 /* Project object */;
			proxyType = 1;
			remoteGlobalIDString = FB3A37762B15D48600C9FD29;
			remoteInfo = App_todo_ios;
		};
		FB3A37982B15D48900C9FD29 /* PBXContainerItemProxy */ = {
			isa = PBXContainerItemProxy;
			containerPortal = FB3A376F2B15D48600C9FD29 /* Project object */;
			proxyType = 1;
			remoteGlobalIDString = FB3A37762B15D48600C9FD29;
			remoteInfo = App_todo_ios;
		};
/* End PBXContainerItemProxy section */

/* Begin PBXFileReference section */
		3CB853CC545B66B6BF034C18 /* Pods_App_todo_ios.framework */ = {isa = PBXFileReference; explicitFileType = wrapper.framework; includeInIndex = 0; path = Pods_App_todo_ios.framework; sourceTree = BUILT_PRODUCTS_DIR; };
		62DC527DAD6A5405B650B507 /* Pods-App_todo_iosTests.debug.xcconfig */ = {isa = PBXFileReference; includeInIndex = 1; lastKnownFileType = text.xcconfig; name = "Pods-App_todo_iosTests.debug.xcconfig"; path = "Target Support Files/Pods-App_todo_iosTests/Pods-App_todo_iosTests.debug.xcconfig"; sourceTree = "<group>"; };
		636A0F885E7E3EA07CBE2D58 /* Pods_App_todo_ios_App_todo_iosUITests.framework */ = {isa = PBXFileReference; explicitFileType = wrapper.framework; includeInIndex = 0; path = Pods_App_todo_ios_App_todo_iosUITests.framework; sourceTree = BUILT_PRODUCTS_DIR; };
		847059EE2A07337AD4A06BA8 /* Pods_App_todo_iosTests.framework */ = {isa = PBXFileReference; explicitFileType = wrapper.framework; includeInIndex = 0; path = Pods_App_todo_iosTests.framework; sourceTree = BUILT_PRODUCTS_DIR; };
		8B64CBA52B64EF5DE87A5594 /* Pods-App_todo_ios-App_todo_iosUITests.release.xcconfig */ = {isa = PBXFileReference; includeInIndex = 1; lastKnownFileType = text.xcconfig; name = "Pods-App_todo_ios-App_todo_iosUITests.release.xcconfig"; path = "Target Support Files/Pods-App_todo_ios-App_todo_iosUITests/Pods-App_todo_ios-App_todo_iosUITests.release.xcconfig"; sourceTree = "<group>"; };
		90855A7A3186B5F9FC96C150 /* Pods-App_todo_ios.release.xcconfig */ = {isa = PBXFileReference; includeInIndex = 1; lastKnownFileType = text.xcconfig; name = "Pods-App_todo_ios.release.xcconfig"; path = "Target Support Files/Pods-App_todo_ios/Pods-App_todo_ios.release.xcconfig"; sourceTree = "<group>"; };
		99A7B3F83D78F7684C6594F6 /* Pods-App_todo_ios-App_todo_iosUITests.debug.xcconfig */ = {isa = PBXFileReference; includeInIndex = 1; lastKnownFileType = text.xcconfig; name = "Pods-App_todo_ios-App_todo_iosUITests.debug.xcconfig"; path = "Target Support Files/Pods-App_todo_ios-App_todo_iosUITests/Pods-App_todo_ios-App_todo_iosUITests.debug.xcconfig"; sourceTree = "<group>"; };
		BA9507948BC0E590684BDD6B /* Pods-App_todo_iosTests.release.xcconfig */ = {isa = PBXFileReference; includeInIndex = 1; lastKnownFileType = text.xcconfig; name = "Pods-App_todo_iosTests.release.xcconfig"; path = "Target Support Files/Pods-App_todo_iosTests/Pods-App_todo_iosTests.release.xcconfig"; sourceTree = "<group>"; };
		BDB1F763E5BB30AC10F88B99 /* Pods-App_todo_ios.debug.xcconfig */ = {isa = PBXFileReference; includeInIndex = 1; lastKnownFileType = text.xcconfig; name = "Pods-App_todo_ios.debug.xcconfig"; path = "Target Support Files/Pods-App_todo_ios/Pods-App_todo_ios.debug.xcconfig"; sourceTree = "<group>"; };
		FB1F0E932B280D70009FA9DB /* User.swift */ = {isa = PBXFileReference; lastKnownFileType = sourcecode.swift; path = User.swift; sourceTree = "<group>"; };
		FB1F0E952B281C1F009FA9DB /* SignUpViewModel.swift */ = {isa = PBXFileReference; lastKnownFileType = sourcecode.swift; path = SignUpViewModel.swift; sourceTree = "<group>"; };
		FB1F0E972B28390C009FA9DB /* UIViewController+Extensions.swift */ = {isa = PBXFileReference; lastKnownFileType = sourcecode.swift; path = "UIViewController+Extensions.swift"; sourceTree = "<group>"; };
		FB1F0E992B2842A3009FA9DB /* SignInViewModel.swift */ = {isa = PBXFileReference; lastKnownFileType = sourcecode.swift; path = SignInViewModel.swift; sourceTree = "<group>"; };
		FB1F0E9B2B285C50009FA9DB /* Storage.swift */ = {isa = PBXFileReference; lastKnownFileType = sourcecode.swift; path = Storage.swift; sourceTree = "<group>"; };
		FB1F0E9E2B285DCA009FA9DB /* KeychainStorage.swift */ = {isa = PBXFileReference; lastKnownFileType = sourcecode.swift; path = KeychainStorage.swift; sourceTree = "<group>"; };
		FB1F0EA12B287104009FA9DB /* LocalStorageRepository.swift */ = {isa = PBXFileReference; lastKnownFileType = sourcecode.swift; path = LocalStorageRepository.swift; sourceTree = "<group>"; };
		FB3A37772B15D48600C9FD29 /* App_todo_ios.app */ = {isa = PBXFileReference; explicitFileType = wrapper.application; includeInIndex = 0; path = App_todo_ios.app; sourceTree = BUILT_PRODUCTS_DIR; };
		FB3A377A2B15D48600C9FD29 /* AppDelegate.swift */ = {isa = PBXFileReference; lastKnownFileType = sourcecode.swift; path = AppDelegate.swift; sourceTree = "<group>"; };
		FB3A377E2B15D48600C9FD29 /* SignInViewController.swift */ = {isa = PBXFileReference; lastKnownFileType = sourcecode.swift; path = SignInViewController.swift; sourceTree = "<group>"; };
		FB3A37812B15D48600C9FD29 /* Base */ = {isa = PBXFileReference; lastKnownFileType = file.storyboard; name = Base; path = Base.lproj/SignIn.storyboard; sourceTree = "<group>"; };
		FB3A37832B15D48800C9FD29 /* Assets.xcassets */ = {isa = PBXFileReference; lastKnownFileType = folder.assetcatalog; path = Assets.xcassets; sourceTree = "<group>"; };
		FB3A37862B15D48800C9FD29 /* Base */ = {isa = PBXFileReference; lastKnownFileType = file.storyboard; name = Base; path = Base.lproj/LaunchScreen.storyboard; sourceTree = "<group>"; };
		FB3A378D2B15D48800C9FD29 /* App_todo_iosTests.xctest */ = {isa = PBXFileReference; explicitFileType = wrapper.cfbundle; includeInIndex = 0; path = App_todo_iosTests.xctest; sourceTree = BUILT_PRODUCTS_DIR; };
		FB3A37912B15D48800C9FD29 /* App_todo_iosTests.swift */ = {isa = PBXFileReference; lastKnownFileType = sourcecode.swift; path = App_todo_iosTests.swift; sourceTree = "<group>"; };
		FB3A37972B15D48900C9FD29 /* App_todo_iosUITests.xctest */ = {isa = PBXFileReference; explicitFileType = wrapper.cfbundle; includeInIndex = 0; path = App_todo_iosUITests.xctest; sourceTree = BUILT_PRODUCTS_DIR; };
		FB3A379B2B15D48900C9FD29 /* App_todo_iosUITests.swift */ = {isa = PBXFileReference; lastKnownFileType = sourcecode.swift; path = App_todo_iosUITests.swift; sourceTree = "<group>"; };
		FB3A379D2B15D48900C9FD29 /* App_todo_iosUITestsLaunchTests.swift */ = {isa = PBXFileReference; lastKnownFileType = sourcecode.swift; path = App_todo_iosUITestsLaunchTests.swift; sourceTree = "<group>"; };
		FB3A37B02B182E8700C9FD29 /* Info.plist */ = {isa = PBXFileReference; fileEncoding = 4; lastKnownFileType = text.plist.xml; path = Info.plist; sourceTree = "<group>"; };
		FB3A37B42B1834CD00C9FD29 /* BaseViewController.swift */ = {isa = PBXFileReference; lastKnownFileType = sourcecode.swift; path = BaseViewController.swift; sourceTree = "<group>"; };
		FB3A37B72B183E3200C9FD29 /* CustomPrimaryButtton.swift */ = {isa = PBXFileReference; lastKnownFileType = sourcecode.swift; path = CustomPrimaryButtton.swift; sourceTree = "<group>"; };
		FB3A37B92B1841B100C9FD29 /* CustomPrimaryTextField.swift */ = {isa = PBXFileReference; lastKnownFileType = sourcecode.swift; path = CustomPrimaryTextField.swift; sourceTree = "<group>"; };
		FB3A37BC2B18713900C9FD29 /* SignUp.storyboard */ = {isa = PBXFileReference; lastKnownFileType = file.storyboard; path = SignUp.storyboard; sourceTree = "<group>"; };
		FB3A37BE2B18765A00C9FD29 /* SignUpViewController.swift */ = {isa = PBXFileReference; lastKnownFileType = sourcecode.swift; path = SignUpViewController.swift; sourceTree = "<group>"; };
		FB3A37C12B19850000C9FD29 /* Home.storyboard */ = {isa = PBXFileReference; lastKnownFileType = file.storyboard; path = Home.storyboard; sourceTree = "<group>"; };
		FB3A37C32B19851D00C9FD29 /* HomeViewController.swift */ = {isa = PBXFileReference; lastKnownFileType = sourcecode.swift; path = HomeViewController.swift; sourceTree = "<group>"; };
		FB3A37C62B198E3D00C9FD29 /* UIApplication+Extension.swift */ = {isa = PBXFileReference; lastKnownFileType = sourcecode.swift; path = "UIApplication+Extension.swift"; sourceTree = "<group>"; };
		FB4ABF762B22BB8D0097D848 /* TodoManager.swift */ = {isa = PBXFileReference; lastKnownFileType = sourcecode.swift; path = TodoManager.swift; sourceTree = "<group>"; };
		FB4ABF7C2B22F3400097D848 /* TodoEntity.xcdatamodel */ = {isa = PBXFileReference; lastKnownFileType = wrapper.xcdatamodel; path = TodoEntity.xcdatamodel; sourceTree = "<group>"; };
		FBA72C742B1DAC68002C7A14 /* AddTodo.storyboard */ = {isa = PBXFileReference; lastKnownFileType = file.storyboard; path = AddTodo.storyboard; sourceTree = "<group>"; };
		FBA72C762B1DAC9F002C7A14 /* AddTodoViewController.swift */ = {isa = PBXFileReference; lastKnownFileType = sourcecode.swift; path = AddTodoViewController.swift; sourceTree = "<group>"; };
		FBA72C7A2B1DB868002C7A14 /* Todo.swift */ = {isa = PBXFileReference; lastKnownFileType = sourcecode.swift; path = Todo.swift; sourceTree = "<group>"; };
		FBA72C7D2B1DC7CC002C7A14 /* AppInjector.swift */ = {isa = PBXFileReference; lastKnownFileType = sourcecode.swift; path = AppInjector.swift; sourceTree = "<group>"; };
		FBA72C7F2B1DC854002C7A14 /* AddTodoViewModel.swift */ = {isa = PBXFileReference; lastKnownFileType = sourcecode.swift; path = AddTodoViewModel.swift; sourceTree = "<group>"; };
		FBA72C812B1DD13B002C7A14 /* Time+Extension.swift */ = {isa = PBXFileReference; lastKnownFileType = sourcecode.swift; path = "Time+Extension.swift"; sourceTree = "<group>"; };
		FBA72C832B1DD216002C7A14 /* HomeViewModel.swift */ = {isa = PBXFileReference; lastKnownFileType = sourcecode.swift; path = HomeViewModel.swift; sourceTree = "<group>"; };
		FBA72C862B1ED1A0002C7A14 /* TaskTodoCellCollectionViewCell.swift */ = {isa = PBXFileReference; lastKnownFileType = sourcecode.swift; path = TaskTodoCellCollectionViewCell.swift; sourceTree = "<group>"; };
		FBA72C872B1ED1A0002C7A14 /* TaskTodoCellCollectionViewCell.xib */ = {isa = PBXFileReference; lastKnownFileType = file.xib; path = TaskTodoCellCollectionViewCell.xib; sourceTree = "<group>"; };
		FBAA45922B2AB93E00C7D4D2 /* Setting.storyboard */ = {isa = PBXFileReference; lastKnownFileType = file.storyboard; path = Setting.storyboard; sourceTree = "<group>"; };
		FBAA45942B2AB96700C7D4D2 /* SettingViewController.swift */ = {isa = PBXFileReference; lastKnownFileType = sourcecode.swift; path = SettingViewController.swift; sourceTree = "<group>"; };
		FBAA45962B2AB98500C7D4D2 /* SettingViewModel.swift */ = {isa = PBXFileReference; lastKnownFileType = sourcecode.swift; path = SettingViewModel.swift; sourceTree = "<group>"; };
		FBAA45982B2B018400C7D4D2 /* CustomRedButton.swift */ = {isa = PBXFileReference; lastKnownFileType = sourcecode.swift; path = CustomRedButton.swift; sourceTree = "<group>"; };
		FBAF0ADC2B205B030076466C /* EditTodo.storyboard */ = {isa = PBXFileReference; lastKnownFileType = file.storyboard; path = EditTodo.storyboard; sourceTree = "<group>"; };
		FBAF0ADE2B205B180076466C /* EditTodoViewController.swift */ = {isa = PBXFileReference; lastKnownFileType = sourcecode.swift; path = EditTodoViewController.swift; sourceTree = "<group>"; };
		FBAF0AE02B20695A0076466C /* EditTodoViewModel.swift */ = {isa = PBXFileReference; lastKnownFileType = sourcecode.swift; path = EditTodoViewModel.swift; sourceTree = "<group>"; };
		FBAF0AE22B216CB80076466C /* String+Extensions.swift */ = {isa = PBXFileReference; lastKnownFileType = sourcecode.swift; path = "String+Extensions.swift"; sourceTree = "<group>"; };
/* End PBXFileReference section */

/* Begin PBXFrameworksBuildPhase section */
		FB3A37742B15D48600C9FD29 /* Frameworks */ = {
			isa = PBXFrameworksBuildPhase;
			buildActionMask = 2147483647;
			files = (
				17253EB47114E691435E5F8C /* Pods_App_todo_ios.framework in Frameworks */,
			);
			runOnlyForDeploymentPostprocessing = 0;
		};
		FB3A378A2B15D48800C9FD29 /* Frameworks */ = {
			isa = PBXFrameworksBuildPhase;
			buildActionMask = 2147483647;
			files = (
				1FF399D9947D244726F02A06 /* Pods_App_todo_iosTests.framework in Frameworks */,
			);
			runOnlyForDeploymentPostprocessing = 0;
		};
		FB3A37942B15D48900C9FD29 /* Frameworks */ = {
			isa = PBXFrameworksBuildPhase;
			buildActionMask = 2147483647;
			files = (
				AB022FB8F161B7E86A142A35 /* Pods_App_todo_ios_App_todo_iosUITests.framework in Frameworks */,
			);
			runOnlyForDeploymentPostprocessing = 0;
		};
/* End PBXFrameworksBuildPhase section */

/* Begin PBXGroup section */
		569E2CD49F7AF47AB5C5B180 /* Pods */ = {
			isa = PBXGroup;
			children = (
				BDB1F763E5BB30AC10F88B99 /* Pods-App_todo_ios.debug.xcconfig */,
				90855A7A3186B5F9FC96C150 /* Pods-App_todo_ios.release.xcconfig */,
				99A7B3F83D78F7684C6594F6 /* Pods-App_todo_ios-App_todo_iosUITests.debug.xcconfig */,
				8B64CBA52B64EF5DE87A5594 /* Pods-App_todo_ios-App_todo_iosUITests.release.xcconfig */,
				62DC527DAD6A5405B650B507 /* Pods-App_todo_iosTests.debug.xcconfig */,
				BA9507948BC0E590684BDD6B /* Pods-App_todo_iosTests.release.xcconfig */,
			);
			path = Pods;
			sourceTree = "<group>";
		};
		E317636CC4DD9DA943A0A2DE /* Frameworks */ = {
			isa = PBXGroup;
			children = (
				3CB853CC545B66B6BF034C18 /* Pods_App_todo_ios.framework */,
				636A0F885E7E3EA07CBE2D58 /* Pods_App_todo_ios_App_todo_iosUITests.framework */,
				847059EE2A07337AD4A06BA8 /* Pods_App_todo_iosTests.framework */,
			);
			name = Frameworks;
			sourceTree = "<group>";
		};
		FB1F0E9D2B285DAC009FA9DB /* Storage */ = {
			isa = PBXGroup;
			children = (
				FB1F0E9B2B285C50009FA9DB /* Storage.swift */,
				FB1F0E9E2B285DCA009FA9DB /* KeychainStorage.swift */,
			);
			path = Storage;
			sourceTree = "<group>";
		};
		FB1F0EA02B2870C9009FA9DB /* Repository */ = {
			isa = PBXGroup;
			children = (
				FB1F0EA12B287104009FA9DB /* LocalStorageRepository.swift */,
			);
			path = Repository;
			sourceTree = "<group>";
		};
		FB3A376E2B15D48600C9FD29 = {
			isa = PBXGroup;
			children = (
				FB4ABF7B2B22F3400097D848 /* TodoEntities.xcdatamodeld */,
				FB3A37792B15D48600C9FD29 /* App_todo_ios */,
				FB3A37902B15D48800C9FD29 /* App_todo_iosTests */,
				FB3A379A2B15D48900C9FD29 /* App_todo_iosUITests */,
				FB3A37782B15D48600C9FD29 /* Products */,
				569E2CD49F7AF47AB5C5B180 /* Pods */,
				E317636CC4DD9DA943A0A2DE /* Frameworks */,
			);
			sourceTree = "<group>";
		};
		FB3A37782B15D48600C9FD29 /* Products */ = {
			isa = PBXGroup;
			children = (
				FB3A37772B15D48600C9FD29 /* App_todo_ios.app */,
				FB3A378D2B15D48800C9FD29 /* App_todo_iosTests.xctest */,
				FB3A37972B15D48900C9FD29 /* App_todo_iosUITests.xctest */,
			);
			name = Products;
			sourceTree = "<group>";
		};
		FB3A37792B15D48600C9FD29 /* App_todo_ios */ = {
			isa = PBXGroup;
			children = (
				FB3A37AA2B1825C300C9FD29 /* Sources */,
				FB3A377A2B15D48600C9FD29 /* AppDelegate.swift */,
				FB3A37832B15D48800C9FD29 /* Assets.xcassets */,
				FB3A37852B15D48800C9FD29 /* LaunchScreen.storyboard */,
				FB3A37B02B182E8700C9FD29 /* Info.plist */,
			);
			path = App_todo_ios;
			sourceTree = "<group>";
		};
		FB3A37902B15D48800C9FD29 /* App_todo_iosTests */ = {
			isa = PBXGroup;
			children = (
				FB3A37912B15D48800C9FD29 /* App_todo_iosTests.swift */,
			);
			path = App_todo_iosTests;
			sourceTree = "<group>";
		};
		FB3A379A2B15D48900C9FD29 /* App_todo_iosUITests */ = {
			isa = PBXGroup;
			children = (
				FB3A379B2B15D48900C9FD29 /* App_todo_iosUITests.swift */,
				FB3A379D2B15D48900C9FD29 /* App_todo_iosUITestsLaunchTests.swift */,
			);
			path = App_todo_iosUITests;
			sourceTree = "<group>";
		};
		FB3A37AA2B1825C300C9FD29 /* Sources */ = {
			isa = PBXGroup;
			children = (
				FB1F0EA02B2870C9009FA9DB /* Repository */,
				FBA72C7C2B1DC78A002C7A14 /* Application */,
				FBA72C782B1DB7FF002C7A14 /* Data */,
				FB3A37C52B198DE600C9FD29 /* Extensions */,
				FB3A37B22B18349800C9FD29 /* Common */,
				FB3A37AC2B1826CF00C9FD29 /* Modules */,
			);
			path = Sources;
			sourceTree = "<group>";
		};
		FB3A37AB2B1825D300C9FD29 /* SignIn */ = {
			isa = PBXGroup;
			children = (
				FB3A37802B15D48600C9FD29 /* SignIn.storyboard */,
				FB3A377E2B15D48600C9FD29 /* SignInViewController.swift */,
				FB1F0E992B2842A3009FA9DB /* SignInViewModel.swift */,
			);
			path = SignIn;
			sourceTree = "<group>";
		};
		FB3A37AC2B1826CF00C9FD29 /* Modules */ = {
			isa = PBXGroup;
			children = (
				FBAA45912B2AB92500C7D4D2 /* Setting */,
				FBAF0ADB2B205AE60076466C /* EditTodo */,
				FBA72C732B1DAC49002C7A14 /* AddTodo */,
				FB3A37C02B1984EF00C9FD29 /* Home */,
				FB3A37BB2B186EB700C9FD29 /* SignUp */,
				FB3A37AB2B1825D300C9FD29 /* SignIn */,
			);
			path = Modules;
			sourceTree = "<group>";
		};
		FB3A37B22B18349800C9FD29 /* Common */ = {
			isa = PBXGroup;
			children = (
				FB4ABF752B22BB690097D848 /* Manager */,
				FB3A37B62B183DAA00C9FD29 /* CustomView */,
				FB3A37B32B1834A400C9FD29 /* Base */,
			);
			path = Common;
			sourceTree = "<group>";
		};
		FB3A37B32B1834A400C9FD29 /* Base */ = {
			isa = PBXGroup;
			children = (
				FB3A37B42B1834CD00C9FD29 /* BaseViewController.swift */,
			);
			path = Base;
			sourceTree = "<group>";
		};
		FB3A37B62B183DAA00C9FD29 /* CustomView */ = {
			isa = PBXGroup;
			children = (
				FB3A37B72B183E3200C9FD29 /* CustomPrimaryButtton.swift */,
				FB3A37B92B1841B100C9FD29 /* CustomPrimaryTextField.swift */,
				FBAA45982B2B018400C7D4D2 /* CustomRedButton.swift */,
			);
			path = CustomView;
			sourceTree = "<group>";
		};
		FB3A37BB2B186EB700C9FD29 /* SignUp */ = {
			isa = PBXGroup;
			children = (
				FB3A37BC2B18713900C9FD29 /* SignUp.storyboard */,
				FB3A37BE2B18765A00C9FD29 /* SignUpViewController.swift */,
				FB1F0E952B281C1F009FA9DB /* SignUpViewModel.swift */,
			);
			path = SignUp;
			sourceTree = "<group>";
		};
		FB3A37C02B1984EF00C9FD29 /* Home */ = {
			isa = PBXGroup;
			children = (
				FBA72C852B1ED165002C7A14 /* TaskCollectionViewCell */,
				FB3A37C12B19850000C9FD29 /* Home.storyboard */,
				FB3A37C32B19851D00C9FD29 /* HomeViewController.swift */,
				FBA72C832B1DD216002C7A14 /* HomeViewModel.swift */,
			);
			path = Home;
			sourceTree = "<group>";
		};
		FB3A37C52B198DE600C9FD29 /* Extensions */ = {
			isa = PBXGroup;
			children = (
				FB3A37C62B198E3D00C9FD29 /* UIApplication+Extension.swift */,
				FBA72C812B1DD13B002C7A14 /* Time+Extension.swift */,
				FBAF0AE22B216CB80076466C /* String+Extensions.swift */,
				FB1F0E972B28390C009FA9DB /* UIViewController+Extensions.swift */,
			);
			path = Extensions;
			sourceTree = "<group>";
		};
		FB4ABF752B22BB690097D848 /* Manager */ = {
			isa = PBXGroup;
			children = (
				FB4ABF762B22BB8D0097D848 /* TodoManager.swift */,
			);
			path = Manager;
			sourceTree = "<group>";
		};
		FBA72C732B1DAC49002C7A14 /* AddTodo */ = {
			isa = PBXGroup;
			children = (
				FBA72C742B1DAC68002C7A14 /* AddTodo.storyboard */,
				FBA72C762B1DAC9F002C7A14 /* AddTodoViewController.swift */,
				FBA72C7F2B1DC854002C7A14 /* AddTodoViewModel.swift */,
			);
			path = AddTodo;
			sourceTree = "<group>";
		};
		FBA72C782B1DB7FF002C7A14 /* Data */ = {
			isa = PBXGroup;
			children = (
				FB1F0E9D2B285DAC009FA9DB /* Storage */,
				FBA72C792B1DB81F002C7A14 /* Model */,
			);
			path = Data;
			sourceTree = "<group>";
		};
		FBA72C792B1DB81F002C7A14 /* Model */ = {
			isa = PBXGroup;
			children = (
				FBA72C7A2B1DB868002C7A14 /* Todo.swift */,
				FB1F0E932B280D70009FA9DB /* User.swift */,
			);
			path = Model;
			sourceTree = "<group>";
		};
		FBA72C7C2B1DC78A002C7A14 /* Application */ = {
			isa = PBXGroup;
			children = (
				FBA72C7D2B1DC7CC002C7A14 /* AppInjector.swift */,
			);
			path = Application;
			sourceTree = "<group>";
		};
		FBA72C852B1ED165002C7A14 /* TaskCollectionViewCell */ = {
			isa = PBXGroup;
			children = (
				FBA72C862B1ED1A0002C7A14 /* TaskTodoCellCollectionViewCell.swift */,
				FBA72C872B1ED1A0002C7A14 /* TaskTodoCellCollectionViewCell.xib */,
			);
			path = TaskCollectionViewCell;
			sourceTree = "<group>";
		};
		FBAA45912B2AB92500C7D4D2 /* Setting */ = {
			isa = PBXGroup;
			children = (
				FBAA45922B2AB93E00C7D4D2 /* Setting.storyboard */,
				FBAA45942B2AB96700C7D4D2 /* SettingViewController.swift */,
				FBAA45962B2AB98500C7D4D2 /* SettingViewModel.swift */,
			);
			path = Setting;
			sourceTree = "<group>";
		};
		FBAF0ADB2B205AE60076466C /* EditTodo */ = {
			isa = PBXGroup;
			children = (
				FBAF0ADC2B205B030076466C /* EditTodo.storyboard */,
				FBAF0ADE2B205B180076466C /* EditTodoViewController.swift */,
				FBAF0AE02B20695A0076466C /* EditTodoViewModel.swift */,
			);
			path = EditTodo;
			sourceTree = "<group>";
		};
/* End PBXGroup section */

/* Begin PBXNativeTarget section */
		FB3A37762B15D48600C9FD29 /* App_todo_ios */ = {
			isa = PBXNativeTarget;
			buildConfigurationList = FB3A37A12B15D48900C9FD29 /* Build configuration list for PBXNativeTarget "App_todo_ios" */;
			buildPhases = (
				905847DF60AA5BF7358CB7E8 /* [CP] Check Pods Manifest.lock */,
				FB3A37732B15D48600C9FD29 /* Sources */,
				FB3A37742B15D48600C9FD29 /* Frameworks */,
				FB3A37752B15D48600C9FD29 /* Resources */,
				8391148DBB3F4D3B32E0C1D0 /* [CP] Embed Pods Frameworks */,
			);
			buildRules = (
			);
			dependencies = (
			);
			name = App_todo_ios;
			productName = App_todo_ios;
			productReference = FB3A37772B15D48600C9FD29 /* App_todo_ios.app */;
			productType = "com.apple.product-type.application";
		};
		FB3A378C2B15D48800C9FD29 /* App_todo_iosTests */ = {
			isa = PBXNativeTarget;
			buildConfigurationList = FB3A37A42B15D48900C9FD29 /* Build configuration list for PBXNativeTarget "App_todo_iosTests" */;
			buildPhases = (
				09E536B3EF4C4C778BF68E70 /* [CP] Check Pods Manifest.lock */,
				FB3A37892B15D48800C9FD29 /* Sources */,
				FB3A378A2B15D48800C9FD29 /* Frameworks */,
				FB3A378B2B15D48800C9FD29 /* Resources */,
			);
			buildRules = (
			);
			dependencies = (
				FB3A378F2B15D48800C9FD29 /* PBXTargetDependency */,
			);
			name = App_todo_iosTests;
			productName = App_todo_iosTests;
			productReference = FB3A378D2B15D48800C9FD29 /* App_todo_iosTests.xctest */;
			productType = "com.apple.product-type.bundle.unit-test";
		};
		FB3A37962B15D48900C9FD29 /* App_todo_iosUITests */ = {
			isa = PBXNativeTarget;
			buildConfigurationList = FB3A37A72B15D48900C9FD29 /* Build configuration list for PBXNativeTarget "App_todo_iosUITests" */;
			buildPhases = (
				8CB8FC54CCEB8C89C1D574B7 /* [CP] Check Pods Manifest.lock */,
				FB3A37932B15D48900C9FD29 /* Sources */,
				FB3A37942B15D48900C9FD29 /* Frameworks */,
				FB3A37952B15D48900C9FD29 /* Resources */,
				47B07E7842A2659E711E3AF5 /* [CP] Embed Pods Frameworks */,
			);
			buildRules = (
			);
			dependencies = (
				FB3A37992B15D48900C9FD29 /* PBXTargetDependency */,
			);
			name = App_todo_iosUITests;
			productName = App_todo_iosUITests;
			productReference = FB3A37972B15D48900C9FD29 /* App_todo_iosUITests.xctest */;
			productType = "com.apple.product-type.bundle.ui-testing";
		};
/* End PBXNativeTarget section */

/* Begin PBXProject section */
		FB3A376F2B15D48600C9FD29 /* Project object */ = {
			isa = PBXProject;
			attributes = {
				BuildIndependentTargetsInParallel = 1;
				LastSwiftUpdateCheck = 1420;
				LastUpgradeCheck = 1420;
				TargetAttributes = {
					FB3A37762B15D48600C9FD29 = {
						CreatedOnToolsVersion = 14.2;
					};
					FB3A378C2B15D48800C9FD29 = {
						CreatedOnToolsVersion = 14.2;
						TestTargetID = FB3A37762B15D48600C9FD29;
					};
					FB3A37962B15D48900C9FD29 = {
						CreatedOnToolsVersion = 14.2;
						TestTargetID = FB3A37762B15D48600C9FD29;
					};
				};
			};
			buildConfigurationList = FB3A37722B15D48600C9FD29 /* Build configuration list for PBXProject "App_todo_ios" */;
			compatibilityVersion = "Xcode 14.0";
			developmentRegion = en;
			hasScannedForEncodings = 0;
			knownRegions = (
				en,
				Base,
			);
			mainGroup = FB3A376E2B15D48600C9FD29;
			productRefGroup = FB3A37782B15D48600C9FD29 /* Products */;
			projectDirPath = "";
			projectRoot = "";
			targets = (
				FB3A37762B15D48600C9FD29 /* App_todo_ios */,
				FB3A378C2B15D48800C9FD29 /* App_todo_iosTests */,
				FB3A37962B15D48900C9FD29 /* App_todo_iosUITests */,
			);
		};
/* End PBXProject section */

/* Begin PBXResourcesBuildPhase section */
		FB3A37752B15D48600C9FD29 /* Resources */ = {
			isa = PBXResourcesBuildPhase;
			buildActionMask = 2147483647;
			files = (
				FB3A37872B15D48800C9FD29 /* LaunchScreen.storyboard in Resources */,
				FB3A37C22B19850000C9FD29 /* Home.storyboard in Resources */,
				FBA72C752B1DAC68002C7A14 /* AddTodo.storyboard in Resources */,
				FB3A37BD2B18713900C9FD29 /* SignUp.storyboard in Resources */,
				FBA72C892B1ED1A0002C7A14 /* TaskTodoCellCollectionViewCell.xib in Resources */,
				FBAA45932B2AB93E00C7D4D2 /* Setting.storyboard in Resources */,
				FB3A37842B15D48800C9FD29 /* Assets.xcassets in Resources */,
				FBAF0ADD2B205B030076466C /* EditTodo.storyboard in Resources */,
				FB3A37822B15D48600C9FD29 /* SignIn.storyboard in Resources */,
			);
			runOnlyForDeploymentPostprocessing = 0;
		};
		FB3A378B2B15D48800C9FD29 /* Resources */ = {
			isa = PBXResourcesBuildPhase;
			buildActionMask = 2147483647;
			files = (
			);
			runOnlyForDeploymentPostprocessing = 0;
		};
		FB3A37952B15D48900C9FD29 /* Resources */ = {
			isa = PBXResourcesBuildPhase;
			buildActionMask = 2147483647;
			files = (
			);
			runOnlyForDeploymentPostprocessing = 0;
		};
/* End PBXResourcesBuildPhase section */

/* Begin PBXShellScriptBuildPhase section */
		09E536B3EF4C4C778BF68E70 /* [CP] Check Pods Manifest.lock */ = {
			isa = PBXShellScriptBuildPhase;
			buildActionMask = 2147483647;
			files = (
			);
			inputFileListPaths = (
			);
			inputPaths = (
				"${PODS_PODFILE_DIR_PATH}/Podfile.lock",
				"${PODS_ROOT}/Manifest.lock",
			);
			name = "[CP] Check Pods Manifest.lock";
			outputFileListPaths = (
			);
			outputPaths = (
				"$(DERIVED_FILE_DIR)/Pods-App_todo_iosTests-checkManifestLockResult.txt",
			);
			runOnlyForDeploymentPostprocessing = 0;
			shellPath = /bin/sh;
			shellScript = "diff \"${PODS_PODFILE_DIR_PATH}/Podfile.lock\" \"${PODS_ROOT}/Manifest.lock\" > /dev/null\nif [ $? != 0 ] ; then\n    # print error to STDERR\n    echo \"error: The sandbox is not in sync with the Podfile.lock. Run 'pod install' or update your CocoaPods installation.\" >&2\n    exit 1\nfi\n# This output is used by Xcode 'outputs' to avoid re-running this script phase.\necho \"SUCCESS\" > \"${SCRIPT_OUTPUT_FILE_0}\"\n";
			showEnvVarsInLog = 0;
		};
		47B07E7842A2659E711E3AF5 /* [CP] Embed Pods Frameworks */ = {
			isa = PBXShellScriptBuildPhase;
			buildActionMask = 2147483647;
			files = (
			);
			inputFileListPaths = (
				"${PODS_ROOT}/Target Support Files/Pods-App_todo_ios-App_todo_iosUITests/Pods-App_todo_ios-App_todo_iosUITests-frameworks-${CONFIGURATION}-input-files.xcfilelist",
			);
			name = "[CP] Embed Pods Frameworks";
			outputFileListPaths = (
				"${PODS_ROOT}/Target Support Files/Pods-App_todo_ios-App_todo_iosUITests/Pods-App_todo_ios-App_todo_iosUITests-frameworks-${CONFIGURATION}-output-files.xcfilelist",
			);
			runOnlyForDeploymentPostprocessing = 0;
			shellPath = /bin/sh;
			shellScript = "\"${PODS_ROOT}/Target Support Files/Pods-App_todo_ios-App_todo_iosUITests/Pods-App_todo_ios-App_todo_iosUITests-frameworks.sh\"\n";
			showEnvVarsInLog = 0;
		};
		8391148DBB3F4D3B32E0C1D0 /* [CP] Embed Pods Frameworks */ = {
			isa = PBXShellScriptBuildPhase;
			buildActionMask = 2147483647;
			files = (
			);
			inputFileListPaths = (
				"${PODS_ROOT}/Target Support Files/Pods-App_todo_ios/Pods-App_todo_ios-frameworks-${CONFIGURATION}-input-files.xcfilelist",
			);
			name = "[CP] Embed Pods Frameworks";
			outputFileListPaths = (
				"${PODS_ROOT}/Target Support Files/Pods-App_todo_ios/Pods-App_todo_ios-frameworks-${CONFIGURATION}-output-files.xcfilelist",
			);
			runOnlyForDeploymentPostprocessing = 0;
			shellPath = /bin/sh;
			shellScript = "\"${PODS_ROOT}/Target Support Files/Pods-App_todo_ios/Pods-App_todo_ios-frameworks.sh\"\n";
			showEnvVarsInLog = 0;
		};
		8CB8FC54CCEB8C89C1D574B7 /* [CP] Check Pods Manifest.lock */ = {
			isa = PBXShellScriptBuildPhase;
			buildActionMask = 2147483647;
			files = (
			);
			inputFileListPaths = (
			);
			inputPaths = (
				"${PODS_PODFILE_DIR_PATH}/Podfile.lock",
				"${PODS_ROOT}/Manifest.lock",
			);
			name = "[CP] Check Pods Manifest.lock";
			outputFileListPaths = (
			);
			outputPaths = (
				"$(DERIVED_FILE_DIR)/Pods-App_todo_ios-App_todo_iosUITests-checkManifestLockResult.txt",
			);
			runOnlyForDeploymentPostprocessing = 0;
			shellPath = /bin/sh;
			shellScript = "diff \"${PODS_PODFILE_DIR_PATH}/Podfile.lock\" \"${PODS_ROOT}/Manifest.lock\" > /dev/null\nif [ $? != 0 ] ; then\n    # print error to STDERR\n    echo \"error: The sandbox is not in sync with the Podfile.lock. Run 'pod install' or update your CocoaPods installation.\" >&2\n    exit 1\nfi\n# This output is used by Xcode 'outputs' to avoid re-running this script phase.\necho \"SUCCESS\" > \"${SCRIPT_OUTPUT_FILE_0}\"\n";
			showEnvVarsInLog = 0;
		};
		905847DF60AA5BF7358CB7E8 /* [CP] Check Pods Manifest.lock */ = {
			isa = PBXShellScriptBuildPhase;
			buildActionMask = 2147483647;
			files = (
			);
			inputFileListPaths = (
			);
			inputPaths = (
				"${PODS_PODFILE_DIR_PATH}/Podfile.lock",
				"${PODS_ROOT}/Manifest.lock",
			);
			name = "[CP] Check Pods Manifest.lock";
			outputFileListPaths = (
			);
			outputPaths = (
				"$(DERIVED_FILE_DIR)/Pods-App_todo_ios-checkManifestLockResult.txt",
			);
			runOnlyForDeploymentPostprocessing = 0;
			shellPath = /bin/sh;
			shellScript = "diff \"${PODS_PODFILE_DIR_PATH}/Podfile.lock\" \"${PODS_ROOT}/Manifest.lock\" > /dev/null\nif [ $? != 0 ] ; then\n    # print error to STDERR\n    echo \"error: The sandbox is not in sync with the Podfile.lock. Run 'pod install' or update your CocoaPods installation.\" >&2\n    exit 1\nfi\n# This output is used by Xcode 'outputs' to avoid re-running this script phase.\necho \"SUCCESS\" > \"${SCRIPT_OUTPUT_FILE_0}\"\n";
			showEnvVarsInLog = 0;
		};
/* End PBXShellScriptBuildPhase section */

/* Begin PBXSourcesBuildPhase section */
		FB3A37732B15D48600C9FD29 /* Sources */ = {
			isa = PBXSourcesBuildPhase;
			buildActionMask = 2147483647;
			files = (
				FB1F0E982B28390C009FA9DB /* UIViewController+Extensions.swift in Sources */,
				FBAF0AE12B20695A0076466C /* EditTodoViewModel.swift in Sources */,
				FB3A37BA2B1841B100C9FD29 /* CustomPrimaryTextField.swift in Sources */,
				FBA72C822B1DD13B002C7A14 /* Time+Extension.swift in Sources */,
				FB3A37BF2B18765A00C9FD29 /* SignUpViewController.swift in Sources */,
				FBAF0AE32B216CB80076466C /* String+Extensions.swift in Sources */,
				FB3A37C72B198E3D00C9FD29 /* UIApplication+Extension.swift in Sources */,
				FB1F0EA22B287104009FA9DB /* LocalStorageRepository.swift in Sources */,
				FB3A377F2B15D48600C9FD29 /* SignInViewController.swift in Sources */,
				FBAF0ADF2B205B180076466C /* EditTodoViewController.swift in Sources */,
				FB1F0E9C2B285C50009FA9DB /* Storage.swift in Sources */,
				FBA72C802B1DC854002C7A14 /* AddTodoViewModel.swift in Sources */,
				FBAA45972B2AB98500C7D4D2 /* SettingViewModel.swift in Sources */,
				FBA72C772B1DAC9F002C7A14 /* AddTodoViewController.swift in Sources */,
				FB3A37B82B183E3200C9FD29 /* CustomPrimaryButtton.swift in Sources */,
				FBA72C7E2B1DC7CC002C7A14 /* AppInjector.swift in Sources */,
				FBA72C842B1DD216002C7A14 /* HomeViewModel.swift in Sources */,
				FB4ABF772B22BB8D0097D848 /* TodoManager.swift in Sources */,
				FB3A37B52B1834CD00C9FD29 /* BaseViewController.swift in Sources */,
				FBA72C882B1ED1A0002C7A14 /* TaskTodoCellCollectionViewCell.swift in Sources */,
				FBAA45952B2AB96700C7D4D2 /* SettingViewController.swift in Sources */,
				FB3A377B2B15D48600C9FD29 /* AppDelegate.swift in Sources */,
				FB3A37C42B19851D00C9FD29 /* HomeViewController.swift in Sources */,
				FB4ABF7D2B22F3400097D848 /* TodoEntities.xcdatamodeld in Sources */,
				FBAA45992B2B018400C7D4D2 /* CustomRedButton.swift in Sources */,
				FB1F0E9A2B2842A3009FA9DB /* SignInViewModel.swift in Sources */,
				FBA72C7B2B1DB868002C7A14 /* Todo.swift in Sources */,
				FB1F0E9F2B285DCA009FA9DB /* KeychainStorage.swift in Sources */,
				FB1F0E962B281C1F009FA9DB /* SignUpViewModel.swift in Sources */,
				FB1F0E942B280D70009FA9DB /* User.swift in Sources */,
			);
			runOnlyForDeploymentPostprocessing = 0;
		};
		FB3A37892B15D48800C9FD29 /* Sources */ = {
			isa = PBXSourcesBuildPhase;
			buildActionMask = 2147483647;
			files = (
				FB3A37922B15D48800C9FD29 /* App_todo_iosTests.swift in Sources */,
			);
			runOnlyForDeploymentPostprocessing = 0;
		};
		FB3A37932B15D48900C9FD29 /* Sources */ = {
			isa = PBXSourcesBuildPhase;
			buildActionMask = 2147483647;
			files = (
				FB3A379E2B15D48900C9FD29 /* App_todo_iosUITestsLaunchTests.swift in Sources */,
				FB3A379C2B15D48900C9FD29 /* App_todo_iosUITests.swift in Sources */,
			);
			runOnlyForDeploymentPostprocessing = 0;
		};
/* End PBXSourcesBuildPhase section */

/* Begin PBXTargetDependency section */
		FB3A378F2B15D48800C9FD29 /* PBXTargetDependency */ = {
			isa = PBXTargetDependency;
			target = FB3A37762B15D48600C9FD29 /* App_todo_ios */;
			targetProxy = FB3A378E2B15D48800C9FD29 /* PBXContainerItemProxy */;
		};
		FB3A37992B15D48900C9FD29 /* PBXTargetDependency */ = {
			isa = PBXTargetDependency;
			target = FB3A37762B15D48600C9FD29 /* App_todo_ios */;
			targetProxy = FB3A37982B15D48900C9FD29 /* PBXContainerItemProxy */;
		};
/* End PBXTargetDependency section */

/* Begin PBXVariantGroup section */
		FB3A37802B15D48600C9FD29 /* SignIn.storyboard */ = {
			isa = PBXVariantGroup;
			children = (
				FB3A37812B15D48600C9FD29 /* Base */,
			);
			name = SignIn.storyboard;
			sourceTree = "<group>";
		};
		FB3A37852B15D48800C9FD29 /* LaunchScreen.storyboard */ = {
			isa = PBXVariantGroup;
			children = (
				FB3A37862B15D48800C9FD29 /* Base */,
			);
			name = LaunchScreen.storyboard;
			sourceTree = "<group>";
		};
/* End PBXVariantGroup section */

/* Begin XCBuildConfiguration section */
		FB3A379F2B15D48900C9FD29 /* Debug */ = {
			isa = XCBuildConfiguration;
			buildSettings = {
				ALWAYS_SEARCH_USER_PATHS = NO;
				CLANG_ANALYZER_NONNULL = YES;
				CLANG_ANALYZER_NUMBER_OBJECT_CONVERSION = YES_AGGRESSIVE;
				CLANG_CXX_LANGUAGE_STANDARD = "gnu++20";
				CLANG_ENABLE_MODULES = YES;
				CLANG_ENABLE_OBJC_ARC = YES;
				CLANG_ENABLE_OBJC_WEAK = YES;
				CLANG_WARN_BLOCK_CAPTURE_AUTORELEASING = YES;
				CLANG_WARN_BOOL_CONVERSION = YES;
				CLANG_WARN_COMMA = YES;
				CLANG_WARN_CONSTANT_CONVERSION = YES;
				CLANG_WARN_DEPRECATED_OBJC_IMPLEMENTATIONS = YES;
				CLANG_WARN_DIRECT_OBJC_ISA_USAGE = YES_ERROR;
				CLANG_WARN_DOCUMENTATION_COMMENTS = YES;
				CLANG_WARN_EMPTY_BODY = YES;
				CLANG_WARN_ENUM_CONVERSION = YES;
				CLANG_WARN_INFINITE_RECURSION = YES;
				CLANG_WARN_INT_CONVERSION = YES;
				CLANG_WARN_NON_LITERAL_NULL_CONVERSION = YES;
				CLANG_WARN_OBJC_IMPLICIT_RETAIN_SELF = YES;
				CLANG_WARN_OBJC_LITERAL_CONVERSION = YES;
				CLANG_WARN_OBJC_ROOT_CLASS = YES_ERROR;
				CLANG_WARN_QUOTED_INCLUDE_IN_FRAMEWORK_HEADER = YES;
				CLANG_WARN_RANGE_LOOP_ANALYSIS = YES;
				CLANG_WARN_STRICT_PROTOTYPES = YES;
				CLANG_WARN_SUSPICIOUS_MOVE = YES;
				CLANG_WARN_UNGUARDED_AVAILABILITY = YES_AGGRESSIVE;
				CLANG_WARN_UNREACHABLE_CODE = YES;
				CLANG_WARN__DUPLICATE_METHOD_MATCH = YES;
				COPY_PHASE_STRIP = NO;
				DEBUG_INFORMATION_FORMAT = dwarf;
				ENABLE_STRICT_OBJC_MSGSEND = YES;
				ENABLE_TESTABILITY = YES;
				GCC_C_LANGUAGE_STANDARD = gnu11;
				GCC_DYNAMIC_NO_PIC = NO;
				GCC_NO_COMMON_BLOCKS = YES;
				GCC_OPTIMIZATION_LEVEL = 0;
				GCC_PREPROCESSOR_DEFINITIONS = (
					"DEBUG=1",
					"$(inherited)",
				);
				GCC_WARN_64_TO_32_BIT_CONVERSION = YES;
				GCC_WARN_ABOUT_RETURN_TYPE = YES_ERROR;
				GCC_WARN_UNDECLARED_SELECTOR = YES;
				GCC_WARN_UNINITIALIZED_AUTOS = YES_AGGRESSIVE;
				GCC_WARN_UNUSED_FUNCTION = YES;
				GCC_WARN_UNUSED_VARIABLE = YES;
				IPHONEOS_DEPLOYMENT_TARGET = 16.2;
				MTL_ENABLE_DEBUG_INFO = INCLUDE_SOURCE;
				MTL_FAST_MATH = YES;
				ONLY_ACTIVE_ARCH = YES;
				SDKROOT = iphoneos;
				SWIFT_ACTIVE_COMPILATION_CONDITIONS = DEBUG;
				SWIFT_OPTIMIZATION_LEVEL = "-Onone";
			};
			name = Debug;
		};
		FB3A37A02B15D48900C9FD29 /* Release */ = {
			isa = XCBuildConfiguration;
			buildSettings = {
				ALWAYS_SEARCH_USER_PATHS = NO;
				CLANG_ANALYZER_NONNULL = YES;
				CLANG_ANALYZER_NUMBER_OBJECT_CONVERSION = YES_AGGRESSIVE;
				CLANG_CXX_LANGUAGE_STANDARD = "gnu++20";
				CLANG_ENABLE_MODULES = YES;
				CLANG_ENABLE_OBJC_ARC = YES;
				CLANG_ENABLE_OBJC_WEAK = YES;
				CLANG_WARN_BLOCK_CAPTURE_AUTORELEASING = YES;
				CLANG_WARN_BOOL_CONVERSION = YES;
				CLANG_WARN_COMMA = YES;
				CLANG_WARN_CONSTANT_CONVERSION = YES;
				CLANG_WARN_DEPRECATED_OBJC_IMPLEMENTATIONS = YES;
				CLANG_WARN_DIRECT_OBJC_ISA_USAGE = YES_ERROR;
				CLANG_WARN_DOCUMENTATION_COMMENTS = YES;
				CLANG_WARN_EMPTY_BODY = YES;
				CLANG_WARN_ENUM_CONVERSION = YES;
				CLANG_WARN_INFINITE_RECURSION = YES;
				CLANG_WARN_INT_CONVERSION = YES;
				CLANG_WARN_NON_LITERAL_NULL_CONVERSION = YES;
				CLANG_WARN_OBJC_IMPLICIT_RETAIN_SELF = YES;
				CLANG_WARN_OBJC_LITERAL_CONVERSION = YES;
				CLANG_WARN_OBJC_ROOT_CLASS = YES_ERROR;
				CLANG_WARN_QUOTED_INCLUDE_IN_FRAMEWORK_HEADER = YES;
				CLANG_WARN_RANGE_LOOP_ANALYSIS = YES;
				CLANG_WARN_STRICT_PROTOTYPES = YES;
				CLANG_WARN_SUSPICIOUS_MOVE = YES;
				CLANG_WARN_UNGUARDED_AVAILABILITY = YES_AGGRESSIVE;
				CLANG_WARN_UNREACHABLE_CODE = YES;
				CLANG_WARN__DUPLICATE_METHOD_MATCH = YES;
				COPY_PHASE_STRIP = NO;
				DEBUG_INFORMATION_FORMAT = "dwarf-with-dsym";
				ENABLE_NS_ASSERTIONS = NO;
				ENABLE_STRICT_OBJC_MSGSEND = YES;
				GCC_C_LANGUAGE_STANDARD = gnu11;
				GCC_NO_COMMON_BLOCKS = YES;
				GCC_WARN_64_TO_32_BIT_CONVERSION = YES;
				GCC_WARN_ABOUT_RETURN_TYPE = YES_ERROR;
				GCC_WARN_UNDECLARED_SELECTOR = YES;
				GCC_WARN_UNINITIALIZED_AUTOS = YES_AGGRESSIVE;
				GCC_WARN_UNUSED_FUNCTION = YES;
				GCC_WARN_UNUSED_VARIABLE = YES;
				IPHONEOS_DEPLOYMENT_TARGET = 16.2;
				MTL_ENABLE_DEBUG_INFO = NO;
				MTL_FAST_MATH = YES;
				SDKROOT = iphoneos;
				SWIFT_COMPILATION_MODE = wholemodule;
				SWIFT_OPTIMIZATION_LEVEL = "-O";
				VALIDATE_PRODUCT = YES;
			};
			name = Release;
		};
		FB3A37A22B15D48900C9FD29 /* Debug */ = {
			isa = XCBuildConfiguration;
			baseConfigurationReference = BDB1F763E5BB30AC10F88B99 /* Pods-App_todo_ios.debug.xcconfig */;
			buildSettings = {
				ASSETCATALOG_COMPILER_APPICON_NAME = AppIcon;
				ASSETCATALOG_COMPILER_GLOBAL_ACCENT_COLOR_NAME = AccentColor;
				CODE_SIGN_STYLE = Automatic;
				CURRENT_PROJECT_VERSION = 1;
				GENERATE_INFOPLIST_FILE = YES;
				INFOPLIST_FILE = App_todo_ios/Info.plist;
				INFOPLIST_KEY_UIApplicationSupportsIndirectInputEvents = YES;
				INFOPLIST_KEY_UILaunchStoryboardName = LaunchScreen;
				INFOPLIST_KEY_UISupportedInterfaceOrientations_iPad = "UIInterfaceOrientationPortrait UIInterfaceOrientationPortraitUpsideDown UIInterfaceOrientationLandscapeLeft UIInterfaceOrientationLandscapeRight";
				INFOPLIST_KEY_UISupportedInterfaceOrientations_iPhone = "UIInterfaceOrientationPortrait UIInterfaceOrientationLandscapeLeft UIInterfaceOrientationLandscapeRight";
				LD_RUNPATH_SEARCH_PATHS = (
					"$(inherited)",
					"@executable_path/Frameworks",
				);
				MARKETING_VERSION = 1.0;
				PRODUCT_BUNDLE_IDENTIFIER = "Opn.App-todo-ios";
				PRODUCT_NAME = "$(TARGET_NAME)";
				SWIFT_EMIT_LOC_STRINGS = YES;
				SWIFT_VERSION = 5.0;
				TARGETED_DEVICE_FAMILY = "1,2";
			};
			name = Debug;
		};
		FB3A37A32B15D48900C9FD29 /* Release */ = {
			isa = XCBuildConfiguration;
			baseConfigurationReference = 90855A7A3186B5F9FC96C150 /* Pods-App_todo_ios.release.xcconfig */;
			buildSettings = {
				ASSETCATALOG_COMPILER_APPICON_NAME = AppIcon;
				ASSETCATALOG_COMPILER_GLOBAL_ACCENT_COLOR_NAME = AccentColor;
				CODE_SIGN_STYLE = Automatic;
				CURRENT_PROJECT_VERSION = 1;
				GENERATE_INFOPLIST_FILE = YES;
				INFOPLIST_FILE = App_todo_ios/Info.plist;
				INFOPLIST_KEY_UIApplicationSupportsIndirectInputEvents = YES;
				INFOPLIST_KEY_UILaunchStoryboardName = LaunchScreen;
				INFOPLIST_KEY_UISupportedInterfaceOrientations_iPad = "UIInterfaceOrientationPortrait UIInterfaceOrientationPortraitUpsideDown UIInterfaceOrientationLandscapeLeft UIInterfaceOrientationLandscapeRight";
				INFOPLIST_KEY_UISupportedInterfaceOrientations_iPhone = "UIInterfaceOrientationPortrait UIInterfaceOrientationLandscapeLeft UIInterfaceOrientationLandscapeRight";
				LD_RUNPATH_SEARCH_PATHS = (
					"$(inherited)",
					"@executable_path/Frameworks",
				);
				MARKETING_VERSION = 1.0;
				PRODUCT_BUNDLE_IDENTIFIER = "Opn.App-todo-ios";
				PRODUCT_NAME = "$(TARGET_NAME)";
				SWIFT_EMIT_LOC_STRINGS = YES;
				SWIFT_VERSION = 5.0;
				TARGETED_DEVICE_FAMILY = "1,2";
			};
			name = Release;
		};
		FB3A37A52B15D48900C9FD29 /* Debug */ = {
			isa = XCBuildConfiguration;
			baseConfigurationReference = 62DC527DAD6A5405B650B507 /* Pods-App_todo_iosTests.debug.xcconfig */;
			buildSettings = {
				ALWAYS_EMBED_SWIFT_STANDARD_LIBRARIES = YES;
				BUNDLE_LOADER = "$(TEST_HOST)";
				CODE_SIGN_STYLE = Automatic;
				CURRENT_PROJECT_VERSION = 1;
				GENERATE_INFOPLIST_FILE = YES;
				IPHONEOS_DEPLOYMENT_TARGET = 16.2;
				MARKETING_VERSION = 1.0;
				PRODUCT_BUNDLE_IDENTIFIER = "Opn.App-todo-iosTests";
				PRODUCT_NAME = "$(TARGET_NAME)";
				SWIFT_EMIT_LOC_STRINGS = NO;
				SWIFT_VERSION = 5.0;
				TARGETED_DEVICE_FAMILY = "1,2";
				TEST_HOST = "$(BUILT_PRODUCTS_DIR)/App_todo_ios.app/$(BUNDLE_EXECUTABLE_FOLDER_PATH)/App_todo_ios";
			};
			name = Debug;
		};
		FB3A37A62B15D48900C9FD29 /* Release */ = {
			isa = XCBuildConfiguration;
			baseConfigurationReference = BA9507948BC0E590684BDD6B /* Pods-App_todo_iosTests.release.xcconfig */;
			buildSettings = {
				ALWAYS_EMBED_SWIFT_STANDARD_LIBRARIES = YES;
				BUNDLE_LOADER = "$(TEST_HOST)";
				CODE_SIGN_STYLE = Automatic;
				CURRENT_PROJECT_VERSION = 1;
				GENERATE_INFOPLIST_FILE = YES;
				IPHONEOS_DEPLOYMENT_TARGET = 16.2;
				MARKETING_VERSION = 1.0;
				PRODUCT_BUNDLE_IDENTIFIER = "Opn.App-todo-iosTests";
				PRODUCT_NAME = "$(TARGET_NAME)";
				SWIFT_EMIT_LOC_STRINGS = NO;
				SWIFT_VERSION = 5.0;
				TARGETED_DEVICE_FAMILY = "1,2";
				TEST_HOST = "$(BUILT_PRODUCTS_DIR)/App_todo_ios.app/$(BUNDLE_EXECUTABLE_FOLDER_PATH)/App_todo_ios";
			};
			name = Release;
		};
		FB3A37A82B15D48900C9FD29 /* Debug */ = {
			isa = XCBuildConfiguration;
			baseConfigurationReference = 99A7B3F83D78F7684C6594F6 /* Pods-App_todo_ios-App_todo_iosUITests.debug.xcconfig */;
			buildSettings = {
				ALWAYS_EMBED_SWIFT_STANDARD_LIBRARIES = YES;
				CODE_SIGN_STYLE = Automatic;
				CURRENT_PROJECT_VERSION = 1;
				GENERATE_INFOPLIST_FILE = YES;
				MARKETING_VERSION = 1.0;
				PRODUCT_BUNDLE_IDENTIFIER = "Opn.App-todo-iosUITests";
				PRODUCT_NAME = "$(TARGET_NAME)";
				SWIFT_EMIT_LOC_STRINGS = NO;
				SWIFT_VERSION = 5.0;
				TARGETED_DEVICE_FAMILY = "1,2";
				TEST_TARGET_NAME = App_todo_ios;
			};
			name = Debug;
		};
		FB3A37A92B15D48900C9FD29 /* Release */ = {
			isa = XCBuildConfiguration;
			baseConfigurationReference = 8B64CBA52B64EF5DE87A5594 /* Pods-App_todo_ios-App_todo_iosUITests.release.xcconfig */;
			buildSettings = {
				ALWAYS_EMBED_SWIFT_STANDARD_LIBRARIES = YES;
				CODE_SIGN_STYLE = Automatic;
				CURRENT_PROJECT_VERSION = 1;
				GENERATE_INFOPLIST_FILE = YES;
				MARKETING_VERSION = 1.0;
				PRODUCT_BUNDLE_IDENTIFIER = "Opn.App-todo-iosUITests";
				PRODUCT_NAME = "$(TARGET_NAME)";
				SWIFT_EMIT_LOC_STRINGS = NO;
				SWIFT_VERSION = 5.0;
				TARGETED_DEVICE_FAMILY = "1,2";
				TEST_TARGET_NAME = App_todo_ios;
			};
			name = Release;
		};
/* End XCBuildConfiguration section */

/* Begin XCConfigurationList section */
		FB3A37722B15D48600C9FD29 /* Build configuration list for PBXProject "App_todo_ios" */ = {
			isa = XCConfigurationList;
			buildConfigurations = (
				FB3A379F2B15D48900C9FD29 /* Debug */,
				FB3A37A02B15D48900C9FD29 /* Release */,
			);
			defaultConfigurationIsVisible = 0;
			defaultConfigurationName = Release;
		};
		FB3A37A12B15D48900C9FD29 /* Build configuration list for PBXNativeTarget "App_todo_ios" */ = {
			isa = XCConfigurationList;
			buildConfigurations = (
				FB3A37A22B15D48900C9FD29 /* Debug */,
				FB3A37A32B15D48900C9FD29 /* Release */,
			);
			defaultConfigurationIsVisible = 0;
			defaultConfigurationName = Release;
		};
		FB3A37A42B15D48900C9FD29 /* Build configuration list for PBXNativeTarget "App_todo_iosTests" */ = {
			isa = XCConfigurationList;
			buildConfigurations = (
				FB3A37A52B15D48900C9FD29 /* Debug */,
				FB3A37A62B15D48900C9FD29 /* Release */,
			);
			defaultConfigurationIsVisible = 0;
			defaultConfigurationName = Release;
		};
		FB3A37A72B15D48900C9FD29 /* Build configuration list for PBXNativeTarget "App_todo_iosUITests" */ = {
			isa = XCConfigurationList;
			buildConfigurations = (
				FB3A37A82B15D48900C9FD29 /* Debug */,
				FB3A37A92B15D48900C9FD29 /* Release */,
			);
			defaultConfigurationIsVisible = 0;
			defaultConfigurationName = Release;
		};
/* End XCConfigurationList section */

/* Begin XCVersionGroup section */
		FB4ABF7B2B22F3400097D848 /* TodoEntities.xcdatamodeld */ = {
			isa = XCVersionGroup;
			children = (
				FB4ABF7C2B22F3400097D848 /* TodoEntity.xcdatamodel */,
			);
			currentVersion = FB4ABF7C2B22F3400097D848 /* TodoEntity.xcdatamodel */;
			path = TodoEntities.xcdatamodeld;
			sourceTree = "<group>";
			versionGroupType = wrapper.xcdatamodel;
		};
/* End XCVersionGroup section */
	};
	rootObject = FB3A376F2B15D48600C9FD29 /* Project object */;
}
